
Microsoft Visual Studio Solution File, Format Version 12.00
Project("{FAE04EC0-301F-11D3-BF4B-00C04F79EFBC}") = "BookListRazor", "BookListRazor\BookListRazor.csproj", "{3F07D8A9-9183-4038-B4B1-2884618E946D}"
EndProject
Global
	GlobalSection(SolutionConfigurationPlatforms) = preSolution
		Debug|Any CPU = Debug|Any CPU
		Release|Any CPU = Release|Any CPU
	EndGlobalSection
	GlobalSection(ProjectConfigurationPlatforms) = postSolution
		{3F07D8A9-9183-4038-B4B1-2884618E946D}.Debug|Any CPU.ActiveCfg = Debug|Any CPU
		{3F07D8A9-9183-4038-B4B1-2884618E946D}.Debug|Any CPU.Build.0 = Debug|Any CPU
		{3F07D8A9-9183-4038-B4B1-2884618E946D}.Release|Any CPU.ActiveCfg = Release|Any CPU
		{3F07D8A9-9183-4038-B4B1-2884618E946D}.Release|Any CPU.Build.0 = Release|Any CPU
	EndGlobalSection
EndGlobal
